
Microsoft Visual Studio Solution File, Format Version 12.00
# Visual Studio Version 17
VisualStudioVersion = 17.9.34622.214
MinimumVisualStudioVersion = 10.0.40219.1
Project("{8BC9CEB8-8B4A-11D0-8D11-00A0C91BC942}") = "1_CPP_input_output", "C++Project1\C++Training.vcxproj", "{8ACBEEAE-5367-45E4-BDCF-6194F8CE7B99}"
EndProject
Project("{8BC9CEB8-8B4A-11D0-8D11-00A0C91BC942}") = "2_CPP_Datatypes_and_Variables", "C++_variables\C++_Variables.vcxproj", "{5CD23B0A-6BFF-461B-8F5C-FD7A0F6716A0}"
EndProject
Project("{8BC9CEB8-8B4A-11D0-8D11-00A0C91BC942}") = "3_CPP_Operators", "CPP_Operators\CPP_Operators.vcxproj", "{338316E2-C0FF-438C-A8FD-4BF3AC1C9F4F}"
EndProject
Project("{8BC9CEB8-8B4A-11D0-8D11-00A0C91BC942}") = "4_CPP_Conditional_Statements", "CPP_Conditional_Statements\CPP_Conditional_Statements.vcxproj", "{3CB2DBCC-7777-4E4A-9BD5-0D120D0EEF12}"
EndProject
Project("{8BC9CEB8-8B4A-11D0-8D11-00A0C91BC942}") = "CPP_Pointers_and_Arrays", "CPP_Pointers_and_Arrays\CPP_Pointers_and_Arrays.vcxproj", "{4D945CAE-A021-404C-A79C-A5DCF825D15D}"
EndProject
Project("{8BC9CEB8-8B4A-11D0-8D11-00A0C91BC942}") = "CPP_Array_ForLoop", "CPP_ForLoop\CPP_ForLoop.vcxproj", "{9009E274-37E3-41C4-B1EE-EED1D45DC48E}"
EndProject
Global
	GlobalSection(SolutionConfigurationPlatforms) = preSolution
		Debug|x64 = Debug|x64
		Debug|x86 = Debug|x86
		Release|x64 = Release|x64
		Release|x86 = Release|x86
	EndGlobalSection
	GlobalSection(ProjectConfigurationPlatforms) = postSolution
		{8ACBEEAE-5367-45E4-BDCF-6194F8CE7B99}.Debug|x64.ActiveCfg = Debug|x64
		{8ACBEEAE-5367-45E4-BDCF-6194F8CE7B99}.Debug|x64.Build.0 = Debug|x64
		{8ACBEEAE-5367-45E4-BDCF-6194F8CE7B99}.Debug|x86.ActiveCfg = Debug|Win32
		{8ACBEEAE-5367-45E4-BDCF-6194F8CE7B99}.Debug|x86.Build.0 = Debug|Win32
		{8ACBEEAE-5367-45E4-BDCF-6194F8CE7B99}.Release|x64.ActiveCfg = Release|x64
		{8ACBEEAE-5367-45E4-BDCF-6194F8CE7B99}.Release|x64.Build.0 = Release|x64
		{8ACBEEAE-5367-45E4-BDCF-6194F8CE7B99}.Release|x86.ActiveCfg = Release|Win32
		{8ACBEEAE-5367-45E4-BDCF-6194F8CE7B99}.Release|x86.Build.0 = Release|Win32
		{5CD23B0A-6BFF-461B-8F5C-FD7A0F6716A0}.Debug|x64.ActiveCfg = Debug|x64
		{5CD23B0A-6BFF-461B-8F5C-FD7A0F6716A0}.Debug|x64.Build.0 = Debug|x64
		{5CD23B0A-6BFF-461B-8F5C-FD7A0F6716A0}.Debug|x86.ActiveCfg = Debug|Win32
		{5CD23B0A-6BFF-461B-8F5C-FD7A0F6716A0}.Debug|x86.Build.0 = Debug|Win32
		{5CD23B0A-6BFF-461B-8F5C-FD7A0F6716A0}.Release|x64.ActiveCfg = Release|x64
		{5CD23B0A-6BFF-461B-8F5C-FD7A0F6716A0}.Release|x64.Build.0 = Release|x64
		{5CD23B0A-6BFF-461B-8F5C-FD7A0F6716A0}.Release|x86.ActiveCfg = Release|Win32
		{5CD23B0A-6BFF-461B-8F5C-FD7A0F6716A0}.Release|x86.Build.0 = Release|Win32
		{338316E2-C0FF-438C-A8FD-4BF3AC1C9F4F}.Debug|x64.ActiveCfg = Debug|x64
		{338316E2-C0FF-438C-A8FD-4BF3AC1C9F4F}.Debug|x64.Build.0 = Debug|x64
		{338316E2-C0FF-438C-A8FD-4BF3AC1C9F4F}.Debug|x86.ActiveCfg = Debug|Win32
		{338316E2-C0FF-438C-A8FD-4BF3AC1C9F4F}.Debug|x86.Build.0 = Debug|Win32
		{338316E2-C0FF-438C-A8FD-4BF3AC1C9F4F}.Release|x64.ActiveCfg = Release|x64
		{338316E2-C0FF-438C-A8FD-4BF3AC1C9F4F}.Release|x64.Build.0 = Release|x64
		{338316E2-C0FF-438C-A8FD-4BF3AC1C9F4F}.Release|x86.ActiveCfg = Release|Win32
		{338316E2-C0FF-438C-A8FD-4BF3AC1C9F4F}.Release|x86.Build.0 = Release|Win32
		{3CB2DBCC-7777-4E4A-9BD5-0D120D0EEF12}.Debug|x64.ActiveCfg = Debug|x64
		{3CB2DBCC-7777-4E4A-9BD5-0D120D0EEF12}.Debug|x64.Build.0 = Debug|x64
		{3CB2DBCC-7777-4E4A-9BD5-0D120D0EEF12}.Debug|x86.ActiveCfg = Debug|Win32
		{3CB2DBCC-7777-4E4A-9BD5-0D120D0EEF12}.Debug|x86.Build.0 = Debug|Win32
		{3CB2DBCC-7777-4E4A-9BD5-0D120D0EEF12}.Release|x64.ActiveCfg = Release|x64
		{3CB2DBCC-7777-4E4A-9BD5-0D120D0EEF12}.Release|x64.Build.0 = Release|x64
		{3CB2DBCC-7777-4E4A-9BD5-0D120D0EEF12}.Release|x86.ActiveCfg = Release|Win32
		{3CB2DBCC-7777-4E4A-9BD5-0D120D0EEF12}.Release|x86.Build.0 = Release|Win32
		{4D945CAE-A021-404C-A79C-A5DCF825D15D}.Debug|x64.ActiveCfg = Debug|x64
		{4D945CAE-A021-404C-A79C-A5DCF825D15D}.Debug|x64.Build.0 = Debug|x64
		{4D945CAE-A021-404C-A79C-A5DCF825D15D}.Debug|x86.ActiveCfg = Debug|Win32
		{4D945CAE-A021-404C-A79C-A5DCF825D15D}.Debug|x86.Build.0 = Debug|Win32
		{4D945CAE-A021-404C-A79C-A5DCF825D15D}.Release|x64.ActiveCfg = Release|x64
		{4D945CAE-A021-404C-A79C-A5DCF825D15D}.Release|x64.Build.0 = Release|x64
		{4D945CAE-A021-404C-A79C-A5DCF825D15D}.Release|x86.ActiveCfg = Release|Win32
		{4D945CAE-A021-404C-A79C-A5DCF825D15D}.Release|x86.Build.0 = Release|Win32
		{9009E274-37E3-41C4-B1EE-EED1D45DC48E}.Debug|x64.ActiveCfg = Debug|x64
		{9009E274-37E3-41C4-B1EE-EED1D45DC48E}.Debug|x64.Build.0 = Debug|x64
		{9009E274-37E3-41C4-B1EE-EED1D45DC48E}.Debug|x86.ActiveCfg = Debug|Win32
		{9009E274-37E3-41C4-B1EE-EED1D45DC48E}.Debug|x86.Build.0 = Debug|Win32
		{9009E274-37E3-41C4-B1EE-EED1D45DC48E}.Release|x64.ActiveCfg = Release|x64
		{9009E274-37E3-41C4-B1EE-EED1D45DC48E}.Release|x64.Build.0 = Release|x64
		{9009E274-37E3-41C4-B1EE-EED1D45DC48E}.Release|x86.ActiveCfg = Release|Win32
		{9009E274-37E3-41C4-B1EE-EED1D45DC48E}.Release|x86.Build.0 = Release|Win32
	EndGlobalSection
	GlobalSection(SolutionProperties) = preSolution
		HideSolutionNode = FALSE
	EndGlobalSection
	GlobalSection(ExtensibilityGlobals) = postSolution
		SolutionGuid = {EE61BC38-6C18-47AC-8A88-06E07485CC8F}
	EndGlobalSection
EndGlobal
